<Solution>
  <Folder Name="/src/"><Project Path="src/DesktopShrine.Storage/DesktopShrine.Storage.csproj"/><Project Path="src/DesktopShrine.Abstractions/DesktopShrine.Abstractions.csproj"/><Project Path="src/DesktopShrine.Runtime/DesktopShrine.Runtime.csproj"/><Project Path="src/DesktopShrine.Host/DesktopShrine.Host.csproj"/></Folder>
  <Folder Name="/contracts/"><Project Path="contracts/DesktopShrine.Contracts.Audio/DesktopShrine.Contracts.Audio.csproj"/><Project Path="contracts/DesktopShrine.Contracts.Hardware/DesktopShrine.Contracts.Hardware.csproj"/><Project Path="contracts/DesktopShrine.Contracts.Media/DesktopShrine.Contracts.Media.csproj"/></Folder>
  <Folder Name="/samples/"><Project Path="samples/DesktopShrine.Plugin.HardwareMonitor/DesktopShrine.Plugin.HardwareMonitor.csproj"/><Project Path="samples/DesktopShrine.Plugin.AudioCollector/DesktopShrine.Plugin.AudioCollector.csproj"/><Project Path="samples/DesktopShrine.Plugin.WindowsNowPlaying/DesktopShrine.Plugin.WindowsNowPlaying.csproj"/><Project Path="samples/DesktopShrine.Plugin.SteamNowPlaying/DesktopShrine.Plugin.SteamNowPlaying.csproj"/><Project Path="samples/DesktopShrine.Plugin.ArtworkPalette/DesktopShrine.Plugin.ArtworkPalette.csproj"/><Project Path="samples/DesktopShrine.Plugin.BlinkStickBar/DesktopShrine.Plugin.BlinkStickBar.csproj"/><Project Path="samples/DesktopShrine.Plugin.TaskbarControls/DesktopShrine.Plugin.TaskbarControls.csproj"/><Project Path="samples/DesktopShrine.Plugin.ConsoleDisplay/DesktopShrine.Plugin.ConsoleDisplay.csproj"/><Project Path="samples/DesktopShrine.Plugin.GOverlay/DesktopShrine.Plugin.GOverlay.csproj"/></Folder>
  <Folder Name="/tests/"><Project Path="tests/DesktopShrine.Runtime.Tests/DesktopShrine.Runtime.Tests.csproj"/><Project Path="tests/DesktopShrine.Integration.Tests/DesktopShrine.Integration.Tests.csproj"/><Project Path="tests/DesktopShrine.GOverlay.Legacy.Tests/DesktopShrine.GOverlay.Legacy.Tests.csproj"/></Folder>
</Solution>
